<?xml version="1.0" encoding="utf-8"?>
<Project ToolsVersion="4.0" xmlns="http://schemas.microsoft.com/developer/msbuild/2003">
  <ItemGroup>
    <ClInclude Include="Source\Mirror.h" />
    <ClInclude Include="Source\MirrorTypes.h" />
  </ItemGroup>
  <ItemGroup>
    <None Include="Source\MirrorEnumPrimitives.txt" />
  </ItemGroup>
  <ItemGroup>
    <ClCompile Include="Source\Mirror.cpp" />
  </ItemGroup>
</Project>